
Microsoft Visual Studio Solution File, Format Version 12.00
# Visual Studio 15
Project("{FAE04EC0-301F-11D3-BF4B-00C04F79EFBC}") = "Assembly-CSharp", "Assembly-CSharp.csproj", "{7F63FB4E-D084-F5B8-0E9A-6EC1EB3F113B}"
EndProject
Project("{FAE04EC0-301F-11D3-BF4B-00C04F79EFBC}") = "NativeGallery.Runtime", "NativeGallery.Runtime.csproj", "{552A27F0-F11C-F055-54C0-195FC6E432DD}"
EndProject
Project("{FAE04EC0-301F-11D3-BF4B-00C04F79EFBC}") = "NativeGallery.Editor", "NativeGallery.Editor.csproj", "{C8DDF75F-A9F9-50E8-E1B6-42A46C261D0C}"
EndProject
Global
	GlobalSection(SolutionConfigurationPlatforms) = preSolution
		Debug|Any CPU = Debug|Any CPU
		Release|Any CPU = Release|Any CPU
	EndGlobalSection
	GlobalSection(ProjectConfigurationPlatforms) = postSolution
		{7F63FB4E-D084-F5B8-0E9A-6EC1EB3F113B}.Debug|Any CPU.ActiveCfg = Debug|Any CPU
		{7F63FB4E-D084-F5B8-0E9A-6EC1EB3F113B}.Debug|Any CPU.Build.0 = Debug|Any CPU
		{7F63FB4E-D084-F5B8-0E9A-6EC1EB3F113B}.Release|Any CPU.ActiveCfg = Release|Any CPU
		{7F63FB4E-D084-F5B8-0E9A-6EC1EB3F113B}.Release|Any CPU.Build.0 = Release|Any CPU
		{552A27F0-F11C-F055-54C0-195FC6E432DD}.Debug|Any CPU.ActiveCfg = Debug|Any CPU
		{552A27F0-F11C-F055-54C0-195FC6E432DD}.Debug|Any CPU.Build.0 = Debug|Any CPU
		{552A27F0-F11C-F055-54C0-195FC6E432DD}.Release|Any CPU.ActiveCfg = Release|Any CPU
		{552A27F0-F11C-F055-54C0-195FC6E432DD}.Release|Any CPU.Build.0 = Release|Any CPU
		{C8DDF75F-A9F9-50E8-E1B6-42A46C261D0C}.Debug|Any CPU.ActiveCfg = Debug|Any CPU
		{C8DDF75F-A9F9-50E8-E1B6-42A46C261D0C}.Debug|Any CPU.Build.0 = Debug|Any CPU
		{C8DDF75F-A9F9-50E8-E1B6-42A46C261D0C}.Release|Any CPU.ActiveCfg = Release|Any CPU
		{C8DDF75F-A9F9-50E8-E1B6-42A46C261D0C}.Release|Any CPU.Build.0 = Release|Any CPU
	EndGlobalSection
	GlobalSection(SolutionProperties) = preSolution
		HideSolutionNode = FALSE
	EndGlobalSection
EndGlobal
